# Generated by move; do not edit
# This file should be checked in.

[move]
version = 3
manifest_digest = "BCAC035E07B6B5EF611BF39A38F6D4CFE2577C5F6E172E8F9BBD7A40BA79E77B"
deps_digest = "3C4103934B1E040BB6B23F1D610B4EF9F2F1166A50A104EADCF77467C004C600"
dependencies = [
  { id = "MoveStdlib", name = "MoveStdlib" },
  { id = "One", name = "One" },
]

[[move.package]]
id = "MoveStdlib"
source = { git = "https://github.com/one-chain-labs/onechain.git", rev = "613eda102ec09662c8d7f5c56f0e47b7453e2822", subdir = "crates/sui-framework/packages/move-stdlib" }

[[move.package]]
id = "One"
source = { git = "https://github.com/one-chain-labs/onechain.git", rev = "613eda102ec09662c8d7f5c56f0e47b7453e2822", subdir = "crates/sui-framework/packages/one-framework" }

dependencies = [
  { id = "MoveStdlib", name = "MoveStdlib" },
]

[move.toolchain-version]
compiler-version = "1.1.1"
edition = "2024.beta"
flavor = "one"

[pinned.testnet.MoveStdlib]
source = { git = "https://github.com/one-chain-labs/onechain.git", subdir = "crates/sui-framework/packages/move-stdlib", rev = "613eda102ec09662c8d7f5c56f0e47b7453e2822" }
use_environment = "testnet"
manifest_digest = "C4FE4C91DE74CBF223B2E380AE40F592177D21870DC2D7EB6227D2D694E05363"
deps = {}

[pinned.testnet.One]
source = { git = "https://github.com/one-chain-labs/onechain.git", subdir = "crates/sui-framework/packages/one-framework", rev = "613eda102ec09662c8d7f5c56f0e47b7453e2822" }
use_environment = "testnet"
manifest_digest = "7AFB66695545775FBFBB2D3078ADFD084244D5002392E837FDE21D9EA1C6D01C"
deps = { MoveStdlib = "MoveStdlib" }

[pinned.testnet.tumo_markets]
source = { root = true }
use_environment = "testnet"
manifest_digest = "DDE6AB9D4C86EF9672A18ABA64B486801D617D87A90B1C05AFC0EDE13A2D5DB1"
deps = { MoveStdlib = "MoveStdlib", One = "One" }

[env]

[env.testnet]
chain-id = "1bd5c965"
original-published-id = "0x10acdb2d2ee911ce41ce0f92ea396ccb76f58ae6aede4bf263fea50a41957b5c"
latest-published-id = "0xa276fe5829b88238857f5b774898376f5c84d40bb5cc760ef08133d85523114a"
published-version = "2"
